github.com/eaciit/hoboexcel v0.0.0-20180619100831-88c99167121a h1:4t+mfl9+Wi7sJx/E+rLHeHVJc0Ud0OP08diupSnalS8=
github.com/eaciit/hoboexcel v0.0.0-20180619100831-88c99167121a/go.mod h1:9nm3u+4TjHZktXnCpyS6HOq+rQp9UkTeRZ0oobU1ye4=
github.com/siddontang/go v0.0.0-20180604090527-bdc77568d726 h1:xT+JlYxNGqyT+XcU8iUrN18JYed2TvG9yN5ULG2jATM=
github.com/siddontang/go v0.0.0-20180604090527-bdc77568d726/go.mod h1:3yhqj7WBBfRhbBlzyOC3gUxftwsU0u8gqevxwIHQpMw=
